
Microsoft Visual Studio Solution File, Format Version 12.00
# Visual Studio Version 16
VisualStudioVersion = 16.0.31205.134
MinimumVisualStudioVersion = 10.0.40219.1
Project("{FAE04EC0-301F-11D3-BF4B-00C04F79EFBC}") = "RobloxApiImplementation", "RobloxApiImplementation.csproj", "{60FF0FC4-C6B6-4526-8A4D-E4C534D9DB21}"
EndProject
Global
	GlobalSection(SolutionConfigurationPlatforms) = preSolution
		Debug|Any CPU = Debug|Any CPU
		Release|Any CPU = Release|Any CPU
	EndGlobalSection
	GlobalSection(ProjectConfigurationPlatforms) = postSolution
		{60FF0FC4-C6B6-4526-8A4D-E4C534D9DB21}.Debug|Any CPU.ActiveCfg = Debug|Any CPU
		{60FF0FC4-C6B6-4526-8A4D-E4C534D9DB21}.Debug|Any CPU.Build.0 = Debug|Any CPU
		{60FF0FC4-C6B6-4526-8A4D-E4C534D9DB21}.Release|Any CPU.ActiveCfg = Release|Any CPU
		{60FF0FC4-C6B6-4526-8A4D-E4C534D9DB21}.Release|Any CPU.Build.0 = Release|Any CPU
	EndGlobalSection
	GlobalSection(SolutionProperties) = preSolution
		HideSolutionNode = FALSE
	EndGlobalSection
	GlobalSection(ExtensibilityGlobals) = postSolution
		SolutionGuid = {8A13135E-979C-43B5-AF89-8CD84B86B045}
	EndGlobalSection
EndGlobal
